
Microsoft Visual Studio Solution File, Format Version 12.00
# Visual Studio Version 17
VisualStudioVersion = 17.3.32922.545
MinimumVisualStudioVersion = 10.0.40219.1
Project("{FAE04EC0-301F-11D3-BF4B-00C04F79EFBC}") = "TestGit", "TestGit\TestGit.csproj", "{70E92E42-ECDB-4ECC-A958-639766D4FA60}"
EndProject
Global
	GlobalSection(SolutionConfigurationPlatforms) = preSolution
		Debug|Any CPU = Debug|Any CPU
		Release|Any CPU = Release|Any CPU
	EndGlobalSection
	GlobalSection(ProjectConfigurationPlatforms) = postSolution
		{70E92E42-ECDB-4ECC-A958-639766D4FA60}.Debug|Any CPU.ActiveCfg = Debug|Any CPU
		{70E92E42-ECDB-4ECC-A958-639766D4FA60}.Debug|Any CPU.Build.0 = Debug|Any CPU
		{70E92E42-ECDB-4ECC-A958-639766D4FA60}.Release|Any CPU.ActiveCfg = Release|Any CPU
		{70E92E42-ECDB-4ECC-A958-639766D4FA60}.Release|Any CPU.Build.0 = Release|Any CPU
	EndGlobalSection
	GlobalSection(SolutionProperties) = preSolution
		HideSolutionNode = FALSE
	EndGlobalSection
	GlobalSection(ExtensibilityGlobals) = postSolution
		SolutionGuid = {718BB674-84B5-4A8E-B253-87B2B91E3C3A}
	EndGlobalSection
EndGlobal
